// !$*UTF8*$!
{
	archiveVersion = 1;
	classes = {
	};
	objectVersion = 55;
	objects = {

/* Begin PBXBuildFile section */
		DA710B5027F5A3A900AD06B9 /* RestartApp.swift in Sources */ = {isa = PBXBuildFile; fileRef = DA710B4F27F5A3A900AD06B9 /* RestartApp.swift */; };
		DA710B5227F5A3A900AD06B9 /* ContentView.swift in Sources */ = {isa = PBXBuildFile; fileRef = DA710B5127F5A3A900AD06B9 /* ContentView.swift */; };
		DA710B5427F5A3AD00AD06B9 /* Assets.xcassets in Resources */ = {isa = PBXBuildFile; fileRef = DA710B5327F5A3AD00AD06B9 /* Assets.xcassets */; };
		DA710B5727F5A3AD00AD06B9 /* Preview Assets.xcassets in Resources */ = {isa = PBXBuildFile; fileRef = DA710B5627F5A3AD00AD06B9 /* Preview Assets.xcassets */; };
		DA710B5F27F5A4C700AD06B9 /* chimeup.mp3 in Resources */ = {isa = PBXBuildFile; fileRef = DA710B5D27F5A4C700AD06B9 /* chimeup.mp3 */; };
		DA710B6027F5A4C700AD06B9 /* success.m4a in Resources */ = {isa = PBXBuildFile; fileRef = DA710B5E27F5A4C700AD06B9 /* success.m4a */; };
		DA710B6727F5AA8800AD06B9 /* OnboardingView.swift in Sources */ = {isa = PBXBuildFile; fileRef = DA710B6627F5AA8800AD06B9 /* OnboardingView.swift */; };
		DA710B6927F5AA9700AD06B9 /* HomeView.swift in Sources */ = {isa = PBXBuildFile; fileRef = DA710B6827F5AA9700AD06B9 /* HomeView.swift */; };
		DA710B6B27F6883900AD06B9 /* CircleGroupView.swift in Sources */ = {isa = PBXBuildFile; fileRef = DA710B6A27F6883900AD06B9 /* CircleGroupView.swift */; };
		DA710B6D27FAAB7F00AD06B9 /* AudioPlayer.swift in Sources */ = {isa = PBXBuildFile; fileRef = DA710B6C27FAAB7F00AD06B9 /* AudioPlayer.swift */; };
/* End PBXBuildFile section */

/* Begin PBXFileReference section */
		DA710B4C27F5A3A900AD06B9 /* Restart.app */ = {isa = PBXFileReference; explicitFileType = wrapper.application; includeInIndex = 0; path = Restart.app; sourceTree = BUILT_PRODUCTS_DIR; };
		DA710B4F27F5A3A900AD06B9 /* RestartApp.swift */ = {isa = PBXFileReference; lastKnownFileType = sourcecode.swift; path = RestartApp.swift; sourceTree = "<group>"; };
		DA710B5127F5A3A900AD06B9 /* ContentView.swift */ = {isa = PBXFileReference; lastKnownFileType = sourcecode.swift; path = ContentView.swift; sourceTree = "<group>"; };
		DA710B5327F5A3AD00AD06B9 /* Assets.xcassets */ = {isa = PBXFileReference; lastKnownFileType = folder.assetcatalog; path = Assets.xcassets; sourceTree = "<group>"; };
		DA710B5627F5A3AD00AD06B9 /* Preview Assets.xcassets */ = {isa = PBXFileReference; lastKnownFileType = folder.assetcatalog; path = "Preview Assets.xcassets"; sourceTree = "<group>"; };
		DA710B5D27F5A4C700AD06B9 /* chimeup.mp3 */ = {isa = PBXFileReference; lastKnownFileType = audio.mp3; path = chimeup.mp3; sourceTree = "<group>"; };
		DA710B5E27F5A4C700AD06B9 /* success.m4a */ = {isa = PBXFileReference; lastKnownFileType = file; path = success.m4a; sourceTree = "<group>"; };
		DA710B6527F5A94400AD06B9 /* Info.plist */ = {isa = PBXFileReference; lastKnownFileType = text.plist; path = Info.plist; sourceTree = "<group>"; };
		DA710B6627F5AA8800AD06B9 /* OnboardingView.swift */ = {isa = PBXFileReference; lastKnownFileType = sourcecode.swift; path = OnboardingView.swift; sourceTree = "<group>"; xcLanguageSpecificationIdentifier = xcode.lang.swift; };
		DA710B6827F5AA9700AD06B9 /* HomeView.swift */ = {isa = PBXFileReference; lastKnownFileType = sourcecode.swift; path = HomeView.swift; sourceTree = "<group>"; };
		DA710B6A27F6883900AD06B9 /* CircleGroupView.swift */ = {isa = PBXFileReference; lastKnownFileType = sourcecode.swift; path = CircleGroupView.swift; sourceTree = "<group>"; };
		DA710B6C27FAAB7F00AD06B9 /* AudioPlayer.swift */ = {isa = PBXFileReference; lastKnownFileType = sourcecode.swift; path = AudioPlayer.swift; sourceTree = "<group>"; };
/* End PBXFileReference section */

/* Begin PBXFrameworksBuildPhase section */
		DA710B4927F5A3A900AD06B9 /* Frameworks */ = {
			isa = PBXFrameworksBuildPhase;
			buildActionMask = 2147483647;
			files = (
			);
			runOnlyForDeploymentPostprocessing = 0;
		};
/* End PBXFrameworksBuildPhase section */

/* Begin PBXGroup section */
		DA710B4327F5A3A900AD06B9 = {
			isa = PBXGroup;
			children = (
				DA710B4E27F5A3A900AD06B9 /* Restart */,
				DA710B4D27F5A3A900AD06B9 /* Products */,
			);
			sourceTree = "<group>";
		};
		DA710B4D27F5A3A900AD06B9 /* Products */ = {
			isa = PBXGroup;
			children = (
				DA710B4C27F5A3A900AD06B9 /* Restart.app */,
			);
			name = Products;
			sourceTree = "<group>";
		};
		DA710B4E27F5A3A900AD06B9 /* Restart */ = {
			isa = PBXGroup;
			children = (
				DA710B6527F5A94400AD06B9 /* Info.plist */,
				DA710B4F27F5A3A900AD06B9 /* RestartApp.swift */,
				DA710B5327F5A3AD00AD06B9 /* Assets.xcassets */,
				DA710B6327F5A6F000AD06B9 /* Views */,
				DA710B6127F5A4E700AD06B9 /* Sounds */,
				DA710B6227F5A6CC00AD06B9 /* Screens */,
				DA710B6427F5A71B00AD06B9 /* Utilities */,
				DA710B5527F5A3AD00AD06B9 /* Preview Content */,
			);
			path = Restart;
			sourceTree = "<group>";
		};
		DA710B5527F5A3AD00AD06B9 /* Preview Content */ = {
			isa = PBXGroup;
			children = (
				DA710B5627F5A3AD00AD06B9 /* Preview Assets.xcassets */,
			);
			path = "Preview Content";
			sourceTree = "<group>";
		};
		DA710B6127F5A4E700AD06B9 /* Sounds */ = {
			isa = PBXGroup;
			children = (
				DA710B5D27F5A4C700AD06B9 /* chimeup.mp3 */,
				DA710B5E27F5A4C700AD06B9 /* success.m4a */,
			);
			path = Sounds;
			sourceTree = "<group>";
		};
		DA710B6227F5A6CC00AD06B9 /* Screens */ = {
			isa = PBXGroup;
			children = (
				DA710B5127F5A3A900AD06B9 /* ContentView.swift */,
				DA710B6627F5AA8800AD06B9 /* OnboardingView.swift */,
				DA710B6827F5AA9700AD06B9 /* HomeView.swift */,
			);
			path = Screens;
			sourceTree = "<group>";
		};
		DA710B6327F5A6F000AD06B9 /* Views */ = {
			isa = PBXGroup;
			children = (
				DA710B6A27F6883900AD06B9 /* CircleGroupView.swift */,
			);
			path = Views;
			sourceTree = "<group>";
		};
		DA710B6427F5A71B00AD06B9 /* Utilities */ = {
			isa = PBXGroup;
			children = (
				DA710B6C27FAAB7F00AD06B9 /* AudioPlayer.swift */,
			);
			path = Utilities;
			sourceTree = "<group>";
		};
/* End PBXGroup section */

/* Begin PBXNativeTarget section */
		DA710B4B27F5A3A900AD06B9 /* Restart */ = {
			isa = PBXNativeTarget;
			buildConfigurationList = DA710B5A27F5A3AD00AD06B9 /* Build configuration list for PBXNativeTarget "Restart" */;
			buildPhases = (
				DA710B4827F5A3A900AD06B9 /* Sources */,
				DA710B4927F5A3A900AD06B9 /* Frameworks */,
				DA710B4A27F5A3A900AD06B9 /* Resources */,
			);
			buildRules = (
			);
			dependencies = (
			);
			name = Restart;
			productName = Restart;
			productReference = DA710B4C27F5A3A900AD06B9 /* Restart.app */;
			productType = "com.apple.product-type.application";
		};
/* End PBXNativeTarget section */

/* Begin PBXProject section */
		DA710B4427F5A3A900AD06B9 /* Project object */ = {
			isa = PBXProject;
			attributes = {
				BuildIndependentTargetsInParallel = 1;
				LastSwiftUpdateCheck = 1330;
				LastUpgradeCheck = 1330;
				TargetAttributes = {
					DA710B4B27F5A3A900AD06B9 = {
						CreatedOnToolsVersion = 13.3;
					};
				};
			};
			buildConfigurationList = DA710B4727F5A3A900AD06B9 /* Build configuration list for PBXProject "Restart" */;
			compatibilityVersion = "Xcode 13.0";
			developmentRegion = en;
			hasScannedForEncodings = 0;
			knownRegions = (
				en,
				Base,
			);
			mainGroup = DA710B4327F5A3A900AD06B9;
			productRefGroup = DA710B4D27F5A3A900AD06B9 /* Products */;
			projectDirPath = "";
			projectRoot = "";
			targets = (
				DA710B4B27F5A3A900AD06B9 /* Restart */,
			);
		};
/* End PBXProject section */

/* Begin PBXResourcesBuildPhase section */
		DA710B4A27F5A3A900AD06B9 /* Resources */ = {
			isa = PBXResourcesBuildPhase;
			buildActionMask = 2147483647;
			files = (
				DA710B6027F5A4C700AD06B9 /* success.m4a in Resources */,
				DA710B5F27F5A4C700AD06B9 /* chimeup.mp3 in Resources */,
				DA710B5727F5A3AD00AD06B9 /* Preview Assets.xcassets in Resources */,
				DA710B5427F5A3AD00AD06B9 /* Assets.xcassets in Resources */,
			);
			runOnlyForDeploymentPostprocessing = 0;
		};
/* End PBXResourcesBuildPhase section */

/* Begin PBXSourcesBuildPhase section */
		DA710B4827F5A3A900AD06B9 /* Sources */ = {
			isa = PBXSourcesBuildPhase;
			buildActionMask = 2147483647;
			files = (
				DA710B6B27F6883900AD06B9 /* CircleGroupView.swift in Sources */,
				DA710B6727F5AA8800AD06B9 /* OnboardingView.swift in Sources */,
				DA710B6927F5AA9700AD06B9 /* HomeView.swift in Sources */,
				DA710B5227F5A3A900AD06B9 /* ContentView.swift in Sources */,
				DA710B5027F5A3A900AD06B9 /* RestartApp.swift in Sources */,
				DA710B6D27FAAB7F00AD06B9 /* AudioPlayer.swift in Sources */,
			);
			runOnlyForDeploymentPostprocessing = 0;
		};
/* End PBXSourcesBuildPhase section */

/* Begin XCBuildConfiguration section */
		DA710B5827F5A3AD00AD06B9 /* Debug */ = {
			isa = XCBuildConfiguration;
			buildSettings = {
				ALWAYS_SEARCH_USER_PATHS = NO;
				CLANG_ANALYZER_NONNULL = YES;
				CLANG_ANALYZER_NUMBER_OBJECT_CONVERSION = YES_AGGRESSIVE;
				CLANG_CXX_LANGUAGE_STANDARD = "gnu++17";
				CLANG_ENABLE_MODULES = YES;
				CLANG_ENABLE_OBJC_ARC = YES;
				CLANG_ENABLE_OBJC_WEAK = YES;
				CLANG_WARN_BLOCK_CAPTURE_AUTORELEASING = YES;
				CLANG_WARN_BOOL_CONVERSION = YES;
				CLANG_WARN_COMMA = YES;
				CLANG_WARN_CONSTANT_CONVERSION = YES;
				CLANG_WARN_DEPRECATED_OBJC_IMPLEMENTATIONS = YES;
				CLANG_WARN_DIRECT_OBJC_ISA_USAGE = YES_ERROR;
				CLANG_WARN_DOCUMENTATION_COMMENTS = YES;
				CLANG_WARN_EMPTY_BODY = YES;
				CLANG_WARN_ENUM_CONVERSION = YES;
				CLANG_WARN_INFINITE_RECURSION = YES;
				CLANG_WARN_INT_CONVERSION = YES;
				CLANG_WARN_NON_LITERAL_NULL_CONVERSION = YES;
				CLANG_WARN_OBJC_IMPLICIT_RETAIN_SELF = YES;
				CLANG_WARN_OBJC_LITERAL_CONVERSION = YES;
				CLANG_WARN_OBJC_ROOT_CLASS = YES_ERROR;
				CLANG_WARN_QUOTED_INCLUDE_IN_FRAMEWORK_HEADER = YES;
				CLANG_WARN_RANGE_LOOP_ANALYSIS = YES;
				CLANG_WARN_STRICT_PROTOTYPES = YES;
				CLANG_WARN_SUSPICIOUS_MOVE = YES;
				CLANG_WARN_UNGUARDED_AVAILABILITY = YES_AGGRESSIVE;
				CLANG_WARN_UNREACHABLE_CODE = YES;
				CLANG_WARN__DUPLICATE_METHOD_MATCH = YES;
				COPY_PHASE_STRIP = NO;
				DEBUG_INFORMATION_FORMAT = dwarf;
				ENABLE_STRICT_OBJC_MSGSEND = YES;
				ENABLE_TESTABILITY = YES;
				GCC_C_LANGUAGE_STANDARD = gnu11;
				GCC_DYNAMIC_NO_PIC = NO;
				GCC_NO_COMMON_BLOCKS = YES;
				GCC_OPTIMIZATION_LEVEL = 0;
				GCC_PREPROCESSOR_DEFINITIONS = (
					"DEBUG=1",
					"$(inherited)",
				);
				GCC_WARN_64_TO_32_BIT_CONVERSION = YES;
				GCC_WARN_ABOUT_RETURN_TYPE = YES_ERROR;
				GCC_WARN_UNDECLARED_SELECTOR = YES;
				GCC_WARN_UNINITIALIZED_AUTOS = YES_AGGRESSIVE;
				GCC_WARN_UNUSED_FUNCTION = YES;
				GCC_WARN_UNUSED_VARIABLE = YES;
				IPHONEOS_DEPLOYMENT_TARGET = 15.4;
				MTL_ENABLE_DEBUG_INFO = INCLUDE_SOURCE;
				MTL_FAST_MATH = YES;
				ONLY_ACTIVE_ARCH = YES;
				SDKROOT = iphoneos;
				SWIFT_ACTIVE_COMPILATION_CONDITIONS = DEBUG;
				SWIFT_OPTIMIZATION_LEVEL = "-Onone";
			};
			name = Debug;
		};
		DA710B5927F5A3AD00AD06B9 /* Release */ = {
			isa = XCBuildConfiguration;
			buildSettings = {
				ALWAYS_SEARCH_USER_PATHS = NO;
				CLANG_ANALYZER_NONNULL = YES;
				CLANG_ANALYZER_NUMBER_OBJECT_CONVERSION = YES_AGGRESSIVE;
				CLANG_CXX_LANGUAGE_STANDARD = "gnu++17";
				CLANG_ENABLE_MODULES = YES;
				CLANG_ENABLE_OBJC_ARC = YES;
				CLANG_ENABLE_OBJC_WEAK = YES;
				CLANG_WARN_BLOCK_CAPTURE_AUTORELEASING = YES;
				CLANG_WARN_BOOL_CONVERSION = YES;
				CLANG_WARN_COMMA = YES;
				CLANG_WARN_CONSTANT_CONVERSION = YES;
				CLANG_WARN_DEPRECATED_OBJC_IMPLEMENTATIONS = YES;
				CLANG_WARN_DIRECT_OBJC_ISA_USAGE = YES_ERROR;
				CLANG_WARN_DOCUMENTATION_COMMENTS = YES;
				CLANG_WARN_EMPTY_BODY = YES;
				CLANG_WARN_ENUM_CONVERSION = YES;
				CLANG_WARN_INFINITE_RECURSION = YES;
				CLANG_WARN_INT_CONVERSION = YES;
				CLANG_WARN_NON_LITERAL_NULL_CONVERSION = YES;
				CLANG_WARN_OBJC_IMPLICIT_RETAIN_SELF = YES;
				CLANG_WARN_OBJC_LITERAL_CONVERSION = YES;
				CLANG_WARN_OBJC_ROOT_CLASS = YES_ERROR;
				CLANG_WARN_QUOTED_INCLUDE_IN_FRAMEWORK_HEADER = YES;
				CLANG_WARN_RANGE_LOOP_ANALYSIS = YES;
				CLANG_WARN_STRICT_PROTOTYPES = YES;
				CLANG_WARN_SUSPICIOUS_MOVE = YES;
				CLANG_WARN_UNGUARDED_AVAILABILITY = YES_AGGRESSIVE;
				CLANG_WARN_UNREACHABLE_CODE = YES;
				CLANG_WARN__DUPLICATE_METHOD_MATCH = YES;
				COPY_PHASE_STRIP = NO;
				DEBUG_INFORMATION_FORMAT = "dwarf-with-dsym";
				ENABLE_NS_ASSERTIONS = NO;
				ENABLE_STRICT_OBJC_MSGSEND = YES;
				GCC_C_LANGUAGE_STANDARD = gnu11;
				GCC_NO_COMMON_BLOCKS = YES;
				GCC_WARN_64_TO_32_BIT_CONVERSION = YES;
				GCC_WARN_ABOUT_RETURN_TYPE = YES_ERROR;
				GCC_WARN_UNDECLARED_SELECTOR = YES;
				GCC_WARN_UNINITIALIZED_AUTOS = YES_AGGRESSIVE;
				GCC_WARN_UNUSED_FUNCTION = YES;
				GCC_WARN_UNUSED_VARIABLE = YES;
				IPHONEOS_DEPLOYMENT_TARGET = 15.4;
				MTL_ENABLE_DEBUG_INFO = NO;
				MTL_FAST_MATH = YES;
				SDKROOT = iphoneos;
				SWIFT_COMPILATION_MODE = wholemodule;
				SWIFT_OPTIMIZATION_LEVEL = "-O";
				VALIDATE_PRODUCT = YES;
			};
			name = Release;
		};
		DA710B5B27F5A3AD00AD06B9 /* Debug */ = {
			isa = XCBuildConfiguration;
			buildSettings = {
				ASSETCATALOG_COMPILER_APPICON_NAME = AppIcon;
				ASSETCATALOG_COMPILER_GLOBAL_ACCENT_COLOR_NAME = AccentColor;
				CODE_SIGN_STYLE = Automatic;
				CURRENT_PROJECT_VERSION = 1;
				DEVELOPMENT_ASSET_PATHS = "\"Restart/Preview Content\"";
				DEVELOPMENT_TEAM = 89CKCN9RLX;
				ENABLE_PREVIEWS = YES;
				GENERATE_INFOPLIST_FILE = YES;
				INFOPLIST_FILE = Restart/Info.plist;
				INFOPLIST_KEY_UIApplicationSceneManifest_Generation = YES;
				INFOPLIST_KEY_UIApplicationSupportsIndirectInputEvents = YES;
				INFOPLIST_KEY_UISupportedInterfaceOrientations = UIInterfaceOrientationPortrait;
				INFOPLIST_KEY_UISupportedInterfaceOrientations_iPad = "UIInterfaceOrientationPortrait UIInterfaceOrientationPortraitUpsideDown UIInterfaceOrientationLandscapeLeft UIInterfaceOrientationLandscapeRight";
				INFOPLIST_KEY_UISupportedInterfaceOrientations_iPhone = UIInterfaceOrientationPortrait;
				IPHONEOS_DEPLOYMENT_TARGET = 15.0;
				LD_RUNPATH_SEARCH_PATHS = (
					"$(inherited)",
					"@executable_path/Frameworks",
				);
				MARKETING_VERSION = 1.0;
				PRODUCT_BUNDLE_IDENTIFIER = com.abduqodir.Restart;
				PRODUCT_NAME = "$(TARGET_NAME)";
				SWIFT_EMIT_LOC_STRINGS = YES;
				SWIFT_VERSION = 5.0;
				TARGETED_DEVICE_FAMILY = "1,2";
			};
			name = Debug;
		};
		DA710B5C27F5A3AD00AD06B9 /* Release */ = {
			isa = XCBuildConfiguration;
			buildSettings = {
				ASSETCATALOG_COMPILER_APPICON_NAME = AppIcon;
				ASSETCATALOG_COMPILER_GLOBAL_ACCENT_COLOR_NAME = AccentColor;
				CODE_SIGN_STYLE = Automatic;
				CURRENT_PROJECT_VERSION = 1;
				DEVELOPMENT_ASSET_PATHS = "\"Restart/Preview Content\"";
				DEVELOPMENT_TEAM = 89CKCN9RLX;
				ENABLE_PREVIEWS = YES;
				GENERATE_INFOPLIST_FILE = YES;
				INFOPLIST_FILE = Restart/Info.plist;
				INFOPLIST_KEY_UIApplicationSceneManifest_Generation = YES;
				INFOPLIST_KEY_UIApplicationSupportsIndirectInputEvents = YES;
				INFOPLIST_KEY_UISupportedInterfaceOrientations = UIInterfaceOrientationPortrait;
				INFOPLIST_KEY_UISupportedInterfaceOrientations_iPad = "UIInterfaceOrientationPortrait UIInterfaceOrientationPortraitUpsideDown UIInterfaceOrientationLandscapeLeft UIInterfaceOrientationLandscapeRight";
				INFOPLIST_KEY_UISupportedInterfaceOrientations_iPhone = UIInterfaceOrientationPortrait;
				IPHONEOS_DEPLOYMENT_TARGET = 15.0;
				LD_RUNPATH_SEARCH_PATHS = (
					"$(inherited)",
					"@executable_path/Frameworks",
				);
				MARKETING_VERSION = 1.0;
				PRODUCT_BUNDLE_IDENTIFIER = com.abduqodir.Restart;
				PRODUCT_NAME = "$(TARGET_NAME)";
				SWIFT_EMIT_LOC_STRINGS = YES;
				SWIFT_VERSION = 5.0;
				TARGETED_DEVICE_FAMILY = "1,2";
			};
			name = Release;
		};
/* End XCBuildConfiguration section */

/* Begin XCConfigurationList section */
		DA710B4727F5A3A900AD06B9 /* Build configuration list for PBXProject "Restart" */ = {
			isa = XCConfigurationList;
			buildConfigurations = (
				DA710B5827F5A3AD00AD06B9 /* Debug */,
				DA710B5927F5A3AD00AD06B9 /* Release */,
			);
			defaultConfigurationIsVisible = 0;
			defaultConfigurationName = Release;
		};
		DA710B5A27F5A3AD00AD06B9 /* Build configuration list for PBXNativeTarget "Restart" */ = {
			isa = XCConfigurationList;
			buildConfigurations = (
				DA710B5B27F5A3AD00AD06B9 /* Debug */,
				DA710B5C27F5A3AD00AD06B9 /* Release */,
			);
			defaultConfigurationIsVisible = 0;
			defaultConfigurationName = Release;
		};
/* End XCConfigurationList section */
	};
	rootObject = DA710B4427F5A3A900AD06B9 /* Project object */;
}
